
Microsoft Visual Studio Solution File, Format Version 12.00
# Visual Studio Version 17
VisualStudioVersion = 17.0.32126.317
MinimumVisualStudioVersion = 10.0.40219.1
Project("{FAE04EC0-301F-11D3-BF4B-00C04F79EFBC}") = "projeto-tupiniquim", "projeto-tupiniquim\projeto-tupiniquim.csproj", "{1BB47EDE-3DFF-4A61-ABC5-58127474A506}"
EndProject
Global
	GlobalSection(SolutionConfigurationPlatforms) = preSolution
		Debug|Any CPU = Debug|Any CPU
		Release|Any CPU = Release|Any CPU
	EndGlobalSection
	GlobalSection(ProjectConfigurationPlatforms) = postSolution
		{1BB47EDE-3DFF-4A61-ABC5-58127474A506}.Debug|Any CPU.ActiveCfg = Debug|Any CPU
		{1BB47EDE-3DFF-4A61-ABC5-58127474A506}.Debug|Any CPU.Build.0 = Debug|Any CPU
		{1BB47EDE-3DFF-4A61-ABC5-58127474A506}.Release|Any CPU.ActiveCfg = Release|Any CPU
		{1BB47EDE-3DFF-4A61-ABC5-58127474A506}.Release|Any CPU.Build.0 = Release|Any CPU
	EndGlobalSection
	GlobalSection(SolutionProperties) = preSolution
		HideSolutionNode = FALSE
	EndGlobalSection
	GlobalSection(ExtensibilityGlobals) = postSolution
		SolutionGuid = {B581FACA-5A15-42B2-ACF7-575F71045B38}
	EndGlobalSection
EndGlobal
